
Microsoft Visual Studio Solution File, Format Version 12.00
# Visual Studio Version 17
VisualStudioVersion = 17.4.33403.182
MinimumVisualStudioVersion = 10.0.40219.1
Project("{FAE04EC0-301F-11D3-BF4B-00C04F79EFBC}") = "Rest", "Rest\Rest.csproj", "{B9C4BD20-9411-42B2-942C-1FD04DF636BD}"
EndProject
Global
	GlobalSection(SolutionConfigurationPlatforms) = preSolution
		Debug|Any CPU = Debug|Any CPU
		Release|Any CPU = Release|Any CPU
	EndGlobalSection
	GlobalSection(ProjectConfigurationPlatforms) = postSolution
		{B9C4BD20-9411-42B2-942C-1FD04DF636BD}.Debug|Any CPU.ActiveCfg = Debug|Any CPU
		{B9C4BD20-9411-42B2-942C-1FD04DF636BD}.Debug|Any CPU.Build.0 = Debug|Any CPU
		{B9C4BD20-9411-42B2-942C-1FD04DF636BD}.Release|Any CPU.ActiveCfg = Release|Any CPU
		{B9C4BD20-9411-42B2-942C-1FD04DF636BD}.Release|Any CPU.Build.0 = Release|Any CPU
	EndGlobalSection
	GlobalSection(SolutionProperties) = preSolution
		HideSolutionNode = FALSE
	EndGlobalSection
	GlobalSection(ExtensibilityGlobals) = postSolution
		SolutionGuid = {2092E280-1E68-4E3E-BB33-F035E7BAE689}
	EndGlobalSection
EndGlobal
