
Microsoft Visual Studio Solution File, Format Version 12.00
# Visual Studio Version 17
VisualStudioVersion = 17.4.33403.182
MinimumVisualStudioVersion = 10.0.40219.1
Project("{9A19103F-16F7-4668-BE54-9A1E7A4F7556}") = "Rest", "Rest\Rest.csproj", "{B9C4BD20-9411-42B2-942C-1FD04DF636BD}"
EndProject
Project("{2150E333-8FDC-42A3-9474-1A3956D46DE8}") = "Solution Items", "Solution Items", "{E3BB0112-3705-4EE4-8185-D0B89CA19700}"
	ProjectSection(SolutionItems) = preProject
		README.md = README.md
	EndProjectSection
EndProject
Global
	GlobalSection(SolutionConfigurationPlatforms) = preSolution
		Debug|Any CPU = Debug|Any CPU
		Release|Any CPU = Release|Any CPU
	EndGlobalSection
	GlobalSection(ProjectConfigurationPlatforms) = postSolution
		{B9C4BD20-9411-42B2-942C-1FD04DF636BD}.Debug|Any CPU.ActiveCfg = Debug|Any CPU
		{B9C4BD20-9411-42B2-942C-1FD04DF636BD}.Debug|Any CPU.Build.0 = Debug|Any CPU
		{B9C4BD20-9411-42B2-942C-1FD04DF636BD}.Release|Any CPU.ActiveCfg = Release|Any CPU
		{B9C4BD20-9411-42B2-942C-1FD04DF636BD}.Release|Any CPU.Build.0 = Release|Any CPU
	EndGlobalSection
	GlobalSection(SolutionProperties) = preSolution
		HideSolutionNode = FALSE
	EndGlobalSection
	GlobalSection(ExtensibilityGlobals) = postSolution
		SolutionGuid = {2092E280-1E68-4E3E-BB33-F035E7BAE689}
	EndGlobalSection
EndGlobal
